// !$*UTF8*$!
{
	archiveVersion = 1;
	classes = {
	};
	objectVersion = 50;
	objects = {

/* Begin PBXBuildFile section */
		2581272F2453202100475BFF /* AppDelegate.swift in Sources */ = {isa = PBXBuildFile; fileRef = 2581272E2453202100475BFF /* AppDelegate.swift */; };
		258127312453202100475BFF /* SceneDelegate.swift in Sources */ = {isa = PBXBuildFile; fileRef = 258127302453202100475BFF /* SceneDelegate.swift */; };
		258127332453202100475BFF /* ViewController.swift in Sources */ = {isa = PBXBuildFile; fileRef = 258127322453202100475BFF /* ViewController.swift */; };
		258127362453202100475BFF /* Main.storyboard in Resources */ = {isa = PBXBuildFile; fileRef = 258127342453202100475BFF /* Main.storyboard */; };
		258127382453202400475BFF /* Assets.xcassets in Resources */ = {isa = PBXBuildFile; fileRef = 258127372453202400475BFF /* Assets.xcassets */; };
		2581273B2453202400475BFF /* LaunchScreen.storyboard in Resources */ = {isa = PBXBuildFile; fileRef = 258127392453202400475BFF /* LaunchScreen.storyboard */; };
		258899002454711200936CFA /* WebKit.framework in Frameworks */ = {isa = PBXBuildFile; fileRef = 258898FF2454711200936CFA /* WebKit.framework */; };
		258899022454771500936CFA /* WebView.swift in Sources */ = {isa = PBXBuildFile; fileRef = 258899012454771500936CFA /* WebView.swift */; };
		2591CCB824558674000EC498 /* assets in Resources */ = {isa = PBXBuildFile; fileRef = 2591CCB724558674000EC498 /* assets */; };
/* End PBXBuildFile section */

/* Begin PBXFileReference section */
		2581272B2453202100475BFF /* wkwebview.app */ = {isa = PBXFileReference; explicitFileType = wrapper.application; includeInIndex = 0; path = wkwebview.app; sourceTree = BUILT_PRODUCTS_DIR; };
		2581272E2453202100475BFF /* AppDelegate.swift */ = {isa = PBXFileReference; lastKnownFileType = sourcecode.swift; path = AppDelegate.swift; sourceTree = "<group>"; };
		258127302453202100475BFF /* SceneDelegate.swift */ = {isa = PBXFileReference; lastKnownFileType = sourcecode.swift; path = SceneDelegate.swift; sourceTree = "<group>"; };
		258127322453202100475BFF /* ViewController.swift */ = {isa = PBXFileReference; lastKnownFileType = sourcecode.swift; path = ViewController.swift; sourceTree = "<group>"; };
		258127352453202100475BFF /* Base */ = {isa = PBXFileReference; lastKnownFileType = file.storyboard; name = Base; path = Base.lproj/Main.storyboard; sourceTree = "<group>"; };
		258127372453202400475BFF /* Assets.xcassets */ = {isa = PBXFileReference; lastKnownFileType = folder.assetcatalog; path = Assets.xcassets; sourceTree = "<group>"; };
		2581273A2453202400475BFF /* Base */ = {isa = PBXFileReference; lastKnownFileType = file.storyboard; name = Base; path = Base.lproj/LaunchScreen.storyboard; sourceTree = "<group>"; };
		2581273C2453202400475BFF /* Info.plist */ = {isa = PBXFileReference; lastKnownFileType = text.plist.xml; path = Info.plist; sourceTree = "<group>"; };
		258898FF2454711200936CFA /* WebKit.framework */ = {isa = PBXFileReference; lastKnownFileType = wrapper.framework; name = WebKit.framework; path = System/Library/Frameworks/WebKit.framework; sourceTree = SDKROOT; };
		258899012454771500936CFA /* WebView.swift */ = {isa = PBXFileReference; lastKnownFileType = sourcecode.swift; path = WebView.swift; sourceTree = "<group>"; };
		2591CCB724558674000EC498 /* assets */ = {isa = PBXFileReference; lastKnownFileType = folder; path = assets; sourceTree = "<group>"; };
/* End PBXFileReference section */

/* Begin PBXFrameworksBuildPhase section */
		258127282453202100475BFF /* Frameworks */ = {
			isa = PBXFrameworksBuildPhase;
			buildActionMask = 2147483647;
			files = (
				258899002454711200936CFA /* WebKit.framework in Frameworks */,
			);
			runOnlyForDeploymentPostprocessing = 0;
		};
/* End PBXFrameworksBuildPhase section */

/* Begin PBXGroup section */
		258127222453202100475BFF = {
			isa = PBXGroup;
			children = (
				2581272D2453202100475BFF /* wkwebview */,
				2581272C2453202100475BFF /* Products */,
				258898FE2454711100936CFA /* Frameworks */,
			);
			sourceTree = "<group>";
		};
		2581272C2453202100475BFF /* Products */ = {
			isa = PBXGroup;
			children = (
				2581272B2453202100475BFF /* wkwebview.app */,
			);
			name = Products;
			sourceTree = "<group>";
		};
		2581272D2453202100475BFF /* wkwebview */ = {
			isa = PBXGroup;
			children = (
				2581272E2453202100475BFF /* AppDelegate.swift */,
				2591CCB724558674000EC498 /* assets */,
				258127302453202100475BFF /* SceneDelegate.swift */,
				258899012454771500936CFA /* WebView.swift */,
				258127322453202100475BFF /* ViewController.swift */,
				258127342453202100475BFF /* Main.storyboard */,
				258127372453202400475BFF /* Assets.xcassets */,
				258127392453202400475BFF /* LaunchScreen.storyboard */,
				2581273C2453202400475BFF /* Info.plist */,
			);
			path = wkwebview;
			sourceTree = "<group>";
		};
		258898FE2454711100936CFA /* Frameworks */ = {
			isa = PBXGroup;
			children = (
				258898FF2454711200936CFA /* WebKit.framework */,
			);
			name = Frameworks;
			sourceTree = "<group>";
		};
/* End PBXGroup section */

/* Begin PBXNativeTarget section */
		2581272A2453202100475BFF /* wkwebview */ = {
			isa = PBXNativeTarget;
			buildConfigurationList = 2581273F2453202400475BFF /* Build configuration list for PBXNativeTarget "wkwebview" */;
			buildPhases = (
				258127272453202100475BFF /* Sources */,
				258127282453202100475BFF /* Frameworks */,
				258127292453202100475BFF /* Resources */,
			);
			buildRules = (
			);
			dependencies = (
			);
			name = wkwebview;
			productName = wkwebview;
			productReference = 2581272B2453202100475BFF /* wkwebview.app */;
			productType = "com.apple.product-type.application";
		};
/* End PBXNativeTarget section */

/* Begin PBXProject section */
		258127232453202100475BFF /* Project object */ = {
			isa = PBXProject;
			attributes = {
				LastSwiftUpdateCheck = 1140;
				LastUpgradeCheck = 1140;
				ORGANIZATIONNAME = zerrozhao;
				TargetAttributes = {
					2581272A2453202100475BFF = {
						CreatedOnToolsVersion = 11.4.1;
					};
				};
			};
			buildConfigurationList = 258127262453202100475BFF /* Build configuration list for PBXProject "wkwebview" */;
			compatibilityVersion = "Xcode 9.3";
			developmentRegion = en;
			hasScannedForEncodings = 0;
			knownRegions = (
				en,
				Base,
			);
			mainGroup = 258127222453202100475BFF;
			productRefGroup = 2581272C2453202100475BFF /* Products */;
			projectDirPath = "";
			projectRoot = "";
			targets = (
				2581272A2453202100475BFF /* wkwebview */,
			);
		};
/* End PBXProject section */

/* Begin PBXResourcesBuildPhase section */
		258127292453202100475BFF /* Resources */ = {
			isa = PBXResourcesBuildPhase;
			buildActionMask = 2147483647;
			files = (
				2581273B2453202400475BFF /* LaunchScreen.storyboard in Resources */,
				2591CCB824558674000EC498 /* assets in Resources */,
				258127382453202400475BFF /* Assets.xcassets in Resources */,
				258127362453202100475BFF /* Main.storyboard in Resources */,
			);
			runOnlyForDeploymentPostprocessing = 0;
		};
/* End PBXResourcesBuildPhase section */

/* Begin PBXSourcesBuildPhase section */
		258127272453202100475BFF /* Sources */ = {
			isa = PBXSourcesBuildPhase;
			buildActionMask = 2147483647;
			files = (
				258127332453202100475BFF /* ViewController.swift in Sources */,
				258899022454771500936CFA /* WebView.swift in Sources */,
				2581272F2453202100475BFF /* AppDelegate.swift in Sources */,
				258127312453202100475BFF /* SceneDelegate.swift in Sources */,
			);
			runOnlyForDeploymentPostprocessing = 0;
		};
/* End PBXSourcesBuildPhase section */

/* Begin PBXVariantGroup section */
		258127342453202100475BFF /* Main.storyboard */ = {
			isa = PBXVariantGroup;
			children = (
				258127352453202100475BFF /* Base */,
			);
			name = Main.storyboard;
			sourceTree = "<group>";
		};
		258127392453202400475BFF /* LaunchScreen.storyboard */ = {
			isa = PBXVariantGroup;
			children = (
				2581273A2453202400475BFF /* Base */,
			);
			name = LaunchScreen.storyboard;
			sourceTree = "<group>";
		};
/* End PBXVariantGroup section */

/* Begin XCBuildConfiguration section */
		2581273D2453202400475BFF /* Debug */ = {
			isa = XCBuildConfiguration;
			buildSettings = {
				ALWAYS_SEARCH_USER_PATHS = NO;
				CLANG_ANALYZER_NONNULL = YES;
				CLANG_ANALYZER_NUMBER_OBJECT_CONVERSION = YES_AGGRESSIVE;
				CLANG_CXX_LANGUAGE_STANDARD = "gnu++14";
				CLANG_CXX_LIBRARY = "libc++";
				CLANG_ENABLE_MODULES = YES;
				CLANG_ENABLE_OBJC_ARC = YES;
				CLANG_ENABLE_OBJC_WEAK = YES;
				CLANG_WARN_BLOCK_CAPTURE_AUTORELEASING = YES;
				CLANG_WARN_BOOL_CONVERSION = YES;
				CLANG_WARN_COMMA = YES;
				CLANG_WARN_CONSTANT_CONVERSION = YES;
				CLANG_WARN_DEPRECATED_OBJC_IMPLEMENTATIONS = YES;
				CLANG_WARN_DIRECT_OBJC_ISA_USAGE = YES_ERROR;
				CLANG_WARN_DOCUMENTATION_COMMENTS = YES;
				CLANG_WARN_EMPTY_BODY = YES;
				CLANG_WARN_ENUM_CONVERSION = YES;
				CLANG_WARN_INFINITE_RECURSION = YES;
				CLANG_WARN_INT_CONVERSION = YES;
				CLANG_WARN_NON_LITERAL_NULL_CONVERSION = YES;
				CLANG_WARN_OBJC_IMPLICIT_RETAIN_SELF = YES;
				CLANG_WARN_OBJC_LITERAL_CONVERSION = YES;
				CLANG_WARN_OBJC_ROOT_CLASS = YES_ERROR;
				CLANG_WARN_RANGE_LOOP_ANALYSIS = YES;
				CLANG_WARN_STRICT_PROTOTYPES = YES;
				CLANG_WARN_SUSPICIOUS_MOVE = YES;
				CLANG_WARN_UNGUARDED_AVAILABILITY = YES_AGGRESSIVE;
				CLANG_WARN_UNREACHABLE_CODE = YES;
				CLANG_WARN__DUPLICATE_METHOD_MATCH = YES;
				COPY_PHASE_STRIP = NO;
				DEBUG_INFORMATION_FORMAT = dwarf;
				ENABLE_STRICT_OBJC_MSGSEND = YES;
				ENABLE_TESTABILITY = YES;
				GCC_C_LANGUAGE_STANDARD = gnu11;
				GCC_DYNAMIC_NO_PIC = NO;
				GCC_NO_COMMON_BLOCKS = YES;
				GCC_OPTIMIZATION_LEVEL = 0;
				GCC_PREPROCESSOR_DEFINITIONS = (
					"DEBUG=1",
					"$(inherited)",
				);
				GCC_WARN_64_TO_32_BIT_CONVERSION = YES;
				GCC_WARN_ABOUT_RETURN_TYPE = YES_ERROR;
				GCC_WARN_UNDECLARED_SELECTOR = YES;
				GCC_WARN_UNINITIALIZED_AUTOS = YES_AGGRESSIVE;
				GCC_WARN_UNUSED_FUNCTION = YES;
				GCC_WARN_UNUSED_VARIABLE = YES;
				IPHONEOS_DEPLOYMENT_TARGET = 13.4;
				MTL_ENABLE_DEBUG_INFO = INCLUDE_SOURCE;
				MTL_FAST_MATH = YES;
				ONLY_ACTIVE_ARCH = YES;
				SDKROOT = iphoneos;
				SWIFT_ACTIVE_COMPILATION_CONDITIONS = DEBUG;
				SWIFT_OPTIMIZATION_LEVEL = "-Onone";
			};
			name = Debug;
		};
		2581273E2453202400475BFF /* Release */ = {
			isa = XCBuildConfiguration;
			buildSettings = {
				ALWAYS_SEARCH_USER_PATHS = NO;
				CLANG_ANALYZER_NONNULL = YES;
				CLANG_ANALYZER_NUMBER_OBJECT_CONVERSION = YES_AGGRESSIVE;
				CLANG_CXX_LANGUAGE_STANDARD = "gnu++14";
				CLANG_CXX_LIBRARY = "libc++";
				CLANG_ENABLE_MODULES = YES;
				CLANG_ENABLE_OBJC_ARC = YES;
				CLANG_ENABLE_OBJC_WEAK = YES;
				CLANG_WARN_BLOCK_CAPTURE_AUTORELEASING = YES;
				CLANG_WARN_BOOL_CONVERSION = YES;
				CLANG_WARN_COMMA = YES;
				CLANG_WARN_CONSTANT_CONVERSION = YES;
				CLANG_WARN_DEPRECATED_OBJC_IMPLEMENTATIONS = YES;
				CLANG_WARN_DIRECT_OBJC_ISA_USAGE = YES_ERROR;
				CLANG_WARN_DOCUMENTATION_COMMENTS = YES;
				CLANG_WARN_EMPTY_BODY = YES;
				CLANG_WARN_ENUM_CONVERSION = YES;
				CLANG_WARN_INFINITE_RECURSION = YES;
				CLANG_WARN_INT_CONVERSION = YES;
				CLANG_WARN_NON_LITERAL_NULL_CONVERSION = YES;
				CLANG_WARN_OBJC_IMPLICIT_RETAIN_SELF = YES;
				CLANG_WARN_OBJC_LITERAL_CONVERSION = YES;
				CLANG_WARN_OBJC_ROOT_CLASS = YES_ERROR;
				CLANG_WARN_RANGE_LOOP_ANALYSIS = YES;
				CLANG_WARN_STRICT_PROTOTYPES = YES;
				CLANG_WARN_SUSPICIOUS_MOVE = YES;
				CLANG_WARN_UNGUARDED_AVAILABILITY = YES_AGGRESSIVE;
				CLANG_WARN_UNREACHABLE_CODE = YES;
				CLANG_WARN__DUPLICATE_METHOD_MATCH = YES;
				COPY_PHASE_STRIP = NO;
				DEBUG_INFORMATION_FORMAT = "dwarf-with-dsym";
				ENABLE_NS_ASSERTIONS = NO;
				ENABLE_STRICT_OBJC_MSGSEND = YES;
				GCC_C_LANGUAGE_STANDARD = gnu11;
				GCC_NO_COMMON_BLOCKS = YES;
				GCC_WARN_64_TO_32_BIT_CONVERSION = YES;
				GCC_WARN_ABOUT_RETURN_TYPE = YES_ERROR;
				GCC_WARN_UNDECLARED_SELECTOR = YES;
				GCC_WARN_UNINITIALIZED_AUTOS = YES_AGGRESSIVE;
				GCC_WARN_UNUSED_FUNCTION = YES;
				GCC_WARN_UNUSED_VARIABLE = YES;
				IPHONEOS_DEPLOYMENT_TARGET = 13.4;
				MTL_ENABLE_DEBUG_INFO = NO;
				MTL_FAST_MATH = YES;
				SDKROOT = iphoneos;
				SWIFT_COMPILATION_MODE = wholemodule;
				SWIFT_OPTIMIZATION_LEVEL = "-O";
				VALIDATE_PRODUCT = YES;
			};
			name = Release;
		};
		258127402453202400475BFF /* Debug */ = {
			isa = XCBuildConfiguration;
			buildSettings = {
				ASSETCATALOG_COMPILER_APPICON_NAME = AppIcon;
				CODE_SIGN_STYLE = Automatic;
				DEVELOPMENT_TEAM = D955CS4X4V;
				INFOPLIST_FILE = wkwebview/Info.plist;
				LD_RUNPATH_SEARCH_PATHS = (
					"$(inherited)",
					"@executable_path/Frameworks",
				);
				PRODUCT_BUNDLE_IDENTIFIER = io.heyalgo.wkwebview;
				PRODUCT_NAME = "$(TARGET_NAME)";
				SWIFT_VERSION = 5.0;
				TARGETED_DEVICE_FAMILY = "1,2";
			};
			name = Debug;
		};
		258127412453202400475BFF /* Release */ = {
			isa = XCBuildConfiguration;
			buildSettings = {
				ASSETCATALOG_COMPILER_APPICON_NAME = AppIcon;
				CODE_SIGN_STYLE = Automatic;
				DEVELOPMENT_TEAM = D955CS4X4V;
				INFOPLIST_FILE = wkwebview/Info.plist;
				LD_RUNPATH_SEARCH_PATHS = (
					"$(inherited)",
					"@executable_path/Frameworks",
				);
				PRODUCT_BUNDLE_IDENTIFIER = io.heyalgo.wkwebview;
				PRODUCT_NAME = "$(TARGET_NAME)";
				SWIFT_VERSION = 5.0;
				TARGETED_DEVICE_FAMILY = "1,2";
			};
			name = Release;
		};
/* End XCBuildConfiguration section */

/* Begin XCConfigurationList section */
		258127262453202100475BFF /* Build configuration list for PBXProject "wkwebview" */ = {
			isa = XCConfigurationList;
			buildConfigurations = (
				2581273D2453202400475BFF /* Debug */,
				2581273E2453202400475BFF /* Release */,
			);
			defaultConfigurationIsVisible = 0;
			defaultConfigurationName = Release;
		};
		2581273F2453202400475BFF /* Build configuration list for PBXNativeTarget "wkwebview" */ = {
			isa = XCConfigurationList;
			buildConfigurations = (
				258127402453202400475BFF /* Debug */,
				258127412453202400475BFF /* Release */,
			);
			defaultConfigurationIsVisible = 0;
			defaultConfigurationName = Release;
		};
/* End XCConfigurationList section */
	};
	rootObject = 258127232453202100475BFF /* Project object */;
}
